
Microsoft Visual Studio Solution File, Format Version 12.00
# Visual Studio Version 16
VisualStudioVersion = 16.0.28803.202
MinimumVisualStudioVersion = 10.0.40219.1
Project("{9A19103F-16F7-4668-BE54-9A1E7A4F7556}") = "Web", "Web\Web.csproj", "{E7DF8F7B-DBC4-44D9-8C24-6E6293E9486E}"
EndProject
Project("{9A19103F-16F7-4668-BE54-9A1E7A4F7556}") = "Core", "Core\Core.csproj", "{EB574491-A30F-4B0F-A2E8-A03EAC700972}"
EndProject
Project("{9A19103F-16F7-4668-BE54-9A1E7A4F7556}") = "Utils", "Utils\Utils.csproj", "{2BFEB433-E349-4AE5-BB89-7F4595153839}"
EndProject
Project("{00D1A9C2-B5F0-4AF3-8072-F6C62B433612}") = "Database", "Database\Database.sqlproj", "{DBDB3F2E-3336-4A31-9324-566E2CAE31F4}"
EndProject
Project("{9A19103F-16F7-4668-BE54-9A1E7A4F7556}") = "Ch.Knomes", "..\Common\Ch.Knomes\Ch.Knomes.csproj", "{7DB7DED6-8A5D-4DBF-8915-C3200A6B748C}"
EndProject
Project("{2150E333-8FDC-42A3-9474-1A3956D46DE8}") = "Test", "Test", "{4AA40AEA-5758-49D8-9DFA-40015F9D85CF}"
EndProject
Project("{9A19103F-16F7-4668-BE54-9A1E7A4F7556}") = "Ch.KnomesTest", "..\Common\Ch.KnomesTest\Ch.KnomesTest.csproj", "{6D4C7775-5CFB-4EA2-9700-B1536ED2416B}"
EndProject
Project("{9A19103F-16F7-4668-BE54-9A1E7A4F7556}") = "CoreTest", "CoreTest\CoreTest.csproj", "{46B6D2F4-C4C5-4307-AADD-51CFF5275301}"
EndProject
Project("{9A19103F-16F7-4668-BE54-9A1E7A4F7556}") = "UtilsTest", "UtilsTest\UtilsTest.csproj", "{08FDAFCF-0479-4BDC-B5D3-1F531DEEAD11}"
EndProject
Project("{9A19103F-16F7-4668-BE54-9A1E7A4F7556}") = "BomClient", "BomClient\BomClient.csproj", "{4CF44F47-61E0-4C85-B22A-ABBD7ED57CE5}"
EndProject
Project("{FAE04EC0-301F-11D3-BF4B-00C04F79EFBC}") = "WebTest", "WebTest\WebTest.csproj", "{A0BB30D6-AD96-478B-8BDF-F347D51CB21B}"
EndProject
Global
	GlobalSection(SolutionConfigurationPlatforms) = preSolution
		Debug|Any CPU = Debug|Any CPU
		Release|Any CPU = Release|Any CPU
	EndGlobalSection
	GlobalSection(ProjectConfigurationPlatforms) = postSolution
		{E7DF8F7B-DBC4-44D9-8C24-6E6293E9486E}.Debug|Any CPU.ActiveCfg = Debug|Any CPU
		{E7DF8F7B-DBC4-44D9-8C24-6E6293E9486E}.Debug|Any CPU.Build.0 = Debug|Any CPU
		{E7DF8F7B-DBC4-44D9-8C24-6E6293E9486E}.Release|Any CPU.ActiveCfg = Release|Any CPU
		{E7DF8F7B-DBC4-44D9-8C24-6E6293E9486E}.Release|Any CPU.Build.0 = Release|Any CPU
		{EB574491-A30F-4B0F-A2E8-A03EAC700972}.Debug|Any CPU.ActiveCfg = Debug|Any CPU
		{EB574491-A30F-4B0F-A2E8-A03EAC700972}.Debug|Any CPU.Build.0 = Debug|Any CPU
		{EB574491-A30F-4B0F-A2E8-A03EAC700972}.Release|Any CPU.ActiveCfg = Release|Any CPU
		{EB574491-A30F-4B0F-A2E8-A03EAC700972}.Release|Any CPU.Build.0 = Release|Any CPU
		{2BFEB433-E349-4AE5-BB89-7F4595153839}.Debug|Any CPU.ActiveCfg = Debug|Any CPU
		{2BFEB433-E349-4AE5-BB89-7F4595153839}.Debug|Any CPU.Build.0 = Debug|Any CPU
		{2BFEB433-E349-4AE5-BB89-7F4595153839}.Release|Any CPU.ActiveCfg = Release|Any CPU
		{2BFEB433-E349-4AE5-BB89-7F4595153839}.Release|Any CPU.Build.0 = Release|Any CPU
		{DBDB3F2E-3336-4A31-9324-566E2CAE31F4}.Debug|Any CPU.ActiveCfg = Debug|Any CPU
		{DBDB3F2E-3336-4A31-9324-566E2CAE31F4}.Debug|Any CPU.Build.0 = Debug|Any CPU
		{DBDB3F2E-3336-4A31-9324-566E2CAE31F4}.Debug|Any CPU.Deploy.0 = Debug|Any CPU
		{DBDB3F2E-3336-4A31-9324-566E2CAE31F4}.Release|Any CPU.ActiveCfg = Release|Any CPU
		{DBDB3F2E-3336-4A31-9324-566E2CAE31F4}.Release|Any CPU.Build.0 = Release|Any CPU
		{DBDB3F2E-3336-4A31-9324-566E2CAE31F4}.Release|Any CPU.Deploy.0 = Release|Any CPU
		{7DB7DED6-8A5D-4DBF-8915-C3200A6B748C}.Debug|Any CPU.ActiveCfg = Debug|Any CPU
		{7DB7DED6-8A5D-4DBF-8915-C3200A6B748C}.Debug|Any CPU.Build.0 = Debug|Any CPU
		{7DB7DED6-8A5D-4DBF-8915-C3200A6B748C}.Release|Any CPU.ActiveCfg = Release|Any CPU
		{7DB7DED6-8A5D-4DBF-8915-C3200A6B748C}.Release|Any CPU.Build.0 = Release|Any CPU
		{6D4C7775-5CFB-4EA2-9700-B1536ED2416B}.Debug|Any CPU.ActiveCfg = Debug|Any CPU
		{6D4C7775-5CFB-4EA2-9700-B1536ED2416B}.Debug|Any CPU.Build.0 = Debug|Any CPU
		{6D4C7775-5CFB-4EA2-9700-B1536ED2416B}.Release|Any CPU.ActiveCfg = Release|Any CPU
		{6D4C7775-5CFB-4EA2-9700-B1536ED2416B}.Release|Any CPU.Build.0 = Release|Any CPU
		{46B6D2F4-C4C5-4307-AADD-51CFF5275301}.Debug|Any CPU.ActiveCfg = Debug|Any CPU
		{46B6D2F4-C4C5-4307-AADD-51CFF5275301}.Debug|Any CPU.Build.0 = Debug|Any CPU
		{46B6D2F4-C4C5-4307-AADD-51CFF5275301}.Release|Any CPU.ActiveCfg = Release|Any CPU
		{46B6D2F4-C4C5-4307-AADD-51CFF5275301}.Release|Any CPU.Build.0 = Release|Any CPU
		{08FDAFCF-0479-4BDC-B5D3-1F531DEEAD11}.Debug|Any CPU.ActiveCfg = Debug|Any CPU
		{08FDAFCF-0479-4BDC-B5D3-1F531DEEAD11}.Debug|Any CPU.Build.0 = Debug|Any CPU
		{08FDAFCF-0479-4BDC-B5D3-1F531DEEAD11}.Release|Any CPU.ActiveCfg = Release|Any CPU
		{08FDAFCF-0479-4BDC-B5D3-1F531DEEAD11}.Release|Any CPU.Build.0 = Release|Any CPU
		{4CF44F47-61E0-4C85-B22A-ABBD7ED57CE5}.Debug|Any CPU.ActiveCfg = Debug|Any CPU
		{4CF44F47-61E0-4C85-B22A-ABBD7ED57CE5}.Debug|Any CPU.Build.0 = Debug|Any CPU
		{4CF44F47-61E0-4C85-B22A-ABBD7ED57CE5}.Release|Any CPU.ActiveCfg = Release|Any CPU
		{4CF44F47-61E0-4C85-B22A-ABBD7ED57CE5}.Release|Any CPU.Build.0 = Release|Any CPU
		{A0BB30D6-AD96-478B-8BDF-F347D51CB21B}.Debug|Any CPU.ActiveCfg = Debug|Any CPU
		{A0BB30D6-AD96-478B-8BDF-F347D51CB21B}.Debug|Any CPU.Build.0 = Debug|Any CPU
		{A0BB30D6-AD96-478B-8BDF-F347D51CB21B}.Release|Any CPU.ActiveCfg = Release|Any CPU
		{A0BB30D6-AD96-478B-8BDF-F347D51CB21B}.Release|Any CPU.Build.0 = Release|Any CPU
	EndGlobalSection
	GlobalSection(SolutionProperties) = preSolution
		HideSolutionNode = FALSE
	EndGlobalSection
	GlobalSection(NestedProjects) = preSolution
		{6D4C7775-5CFB-4EA2-9700-B1536ED2416B} = {4AA40AEA-5758-49D8-9DFA-40015F9D85CF}
		{46B6D2F4-C4C5-4307-AADD-51CFF5275301} = {4AA40AEA-5758-49D8-9DFA-40015F9D85CF}
		{08FDAFCF-0479-4BDC-B5D3-1F531DEEAD11} = {4AA40AEA-5758-49D8-9DFA-40015F9D85CF}
		{4CF44F47-61E0-4C85-B22A-ABBD7ED57CE5} = {4AA40AEA-5758-49D8-9DFA-40015F9D85CF}
		{A0BB30D6-AD96-478B-8BDF-F347D51CB21B} = {4AA40AEA-5758-49D8-9DFA-40015F9D85CF}
	EndGlobalSection
	GlobalSection(ExtensibilityGlobals) = postSolution
		SolutionGuid = {CCEC815E-89AD-4886-A543-9490A25C377F}
	EndGlobalSection
EndGlobal
